# This file is automatically @generated by Poetry 1.8.3 and should not be changed by hand.

[[package]]
name = "aockit"
version = "1.0.2"
description = "A set of common utilities for completing the Advent of Code."
optional = false
python-versions = ">=3.9,<4.0"
files = [
    {file = "aockit-1.0.2-py3-none-any.whl", hash = "sha256:ad41f8cef0e396c38035cbe0efafa5433f22a8882a43ab9de1297aa09dad0b5a"},
    {file = "aockit-1.0.2.tar.gz", hash = "sha256:4bdc90b9fa77e664c8e3460bb3a4203c5590cf15f3ebe321c89db04534f9663d"},
]

[metadata]
lock-version = "2.0"
python-versions = "^3.12"
content-hash = "6bb087d0dc4295939726d6ffdf09eaccb4acf733e88f0c8cb56f613895d67801"
